// !$*UTF8*$!
{
	archiveVersion = 1;
	classes = {
	};
	objectVersion = 50;
	objects = {

/* Begin PBXBuildFile section */
		44212402231E42FC00DD138A /* AppDelegate.swift in Sources */ = {isa = PBXBuildFile; fileRef = 44212401231E42FC00DD138A /* AppDelegate.swift */; };
		44212404231E42FC00DD138A /* ViewController.swift in Sources */ = {isa = PBXBuildFile; fileRef = 44212403231E42FC00DD138A /* ViewController.swift */; };
		44212407231E42FC00DD138A /* Main.storyboard in Resources */ = {isa = PBXBuildFile; fileRef = 44212405231E42FC00DD138A /* Main.storyboard */; };
		44212409231E42FC00DD138A /* Assets.xcassets in Resources */ = {isa = PBXBuildFile; fileRef = 44212408231E42FC00DD138A /* Assets.xcassets */; };
		4421240C231E42FC00DD138A /* LaunchScreen.storyboard in Resources */ = {isa = PBXBuildFile; fileRef = 4421240A231E42FC00DD138A /* LaunchScreen.storyboard */; };
		44212417231E42FC00DD138A /* GithubTests.swift in Sources */ = {isa = PBXBuildFile; fileRef = 44212416231E42FC00DD138A /* GithubTests.swift */; };
		44212422231E42FC00DD138A /* GithubUITests.swift in Sources */ = {isa = PBXBuildFile; fileRef = 44212421231E42FC00DD138A /* GithubUITests.swift */; };
/* End PBXBuildFile section */

/* Begin PBXContainerItemProxy section */
		44212413231E42FC00DD138A /* PBXContainerItemProxy */ = {
			isa = PBXContainerItemProxy;
			containerPortal = 442123F6231E42FC00DD138A /* Project object */;
			proxyType = 1;
			remoteGlobalIDString = 442123FD231E42FC00DD138A;
			remoteInfo = Github;
		};
		4421241E231E42FC00DD138A /* PBXContainerItemProxy */ = {
			isa = PBXContainerItemProxy;
			containerPortal = 442123F6231E42FC00DD138A /* Project object */;
			proxyType = 1;
			remoteGlobalIDString = 442123FD231E42FC00DD138A;
			remoteInfo = Github;
		};
/* End PBXContainerItemProxy section */

/* Begin PBXFileReference section */
		442123FE231E42FC00DD138A /* Github.app */ = {isa = PBXFileReference; explicitFileType = wrapper.application; includeInIndex = 0; path = Github.app; sourceTree = BUILT_PRODUCTS_DIR; };
		44212401231E42FC00DD138A /* AppDelegate.swift */ = {isa = PBXFileReference; lastKnownFileType = sourcecode.swift; path = AppDelegate.swift; sourceTree = "<group>"; };
		44212403231E42FC00DD138A /* ViewController.swift */ = {isa = PBXFileReference; lastKnownFileType = sourcecode.swift; path = ViewController.swift; sourceTree = "<group>"; };
		44212406231E42FC00DD138A /* Base */ = {isa = PBXFileReference; lastKnownFileType = file.storyboard; name = Base; path = Base.lproj/Main.storyboard; sourceTree = "<group>"; };
		44212408231E42FC00DD138A /* Assets.xcassets */ = {isa = PBXFileReference; lastKnownFileType = folder.assetcatalog; path = Assets.xcassets; sourceTree = "<group>"; };
		4421240B231E42FC00DD138A /* Base */ = {isa = PBXFileReference; lastKnownFileType = file.storyboard; name = Base; path = Base.lproj/LaunchScreen.storyboard; sourceTree = "<group>"; };
		4421240D231E42FC00DD138A /* Info.plist */ = {isa = PBXFileReference; lastKnownFileType = text.plist.xml; path = Info.plist; sourceTree = "<group>"; };
		44212412231E42FC00DD138A /* GithubTests.xctest */ = {isa = PBXFileReference; explicitFileType = wrapper.cfbundle; includeInIndex = 0; path = GithubTests.xctest; sourceTree = BUILT_PRODUCTS_DIR; };
		44212416231E42FC00DD138A /* GithubTests.swift */ = {isa = PBXFileReference; lastKnownFileType = sourcecode.swift; path = GithubTests.swift; sourceTree = "<group>"; };
		44212418231E42FC00DD138A /* Info.plist */ = {isa = PBXFileReference; lastKnownFileType = text.plist.xml; path = Info.plist; sourceTree = "<group>"; };
		4421241D231E42FC00DD138A /* GithubUITests.xctest */ = {isa = PBXFileReference; explicitFileType = wrapper.cfbundle; includeInIndex = 0; path = GithubUITests.xctest; sourceTree = BUILT_PRODUCTS_DIR; };
		44212421231E42FC00DD138A /* GithubUITests.swift */ = {isa = PBXFileReference; lastKnownFileType = sourcecode.swift; path = GithubUITests.swift; sourceTree = "<group>"; };
		44212423231E42FC00DD138A /* Info.plist */ = {isa = PBXFileReference; lastKnownFileType = text.plist.xml; path = Info.plist; sourceTree = "<group>"; };
/* End PBXFileReference section */

/* Begin PBXFrameworksBuildPhase section */
		442123FB231E42FC00DD138A /* Frameworks */ = {
			isa = PBXFrameworksBuildPhase;
			buildActionMask = 2147483647;
			files = (
			);
			runOnlyForDeploymentPostprocessing = 0;
		};
		4421240F231E42FC00DD138A /* Frameworks */ = {
			isa = PBXFrameworksBuildPhase;
			buildActionMask = 2147483647;
			files = (
			);
			runOnlyForDeploymentPostprocessing = 0;
		};
		4421241A231E42FC00DD138A /* Frameworks */ = {
			isa = PBXFrameworksBuildPhase;
			buildActionMask = 2147483647;
			files = (
			);
			runOnlyForDeploymentPostprocessing = 0;
		};
/* End PBXFrameworksBuildPhase section */

/* Begin PBXGroup section */
		442123F5231E42FC00DD138A = {
			isa = PBXGroup;
			children = (
				44212400231E42FC00DD138A /* Github */,
				44212415231E42FC00DD138A /* GithubTests */,
				44212420231E42FC00DD138A /* GithubUITests */,
				442123FF231E42FC00DD138A /* Products */,
			);
			sourceTree = "<group>";
		};
		442123FF231E42FC00DD138A /* Products */ = {
			isa = PBXGroup;
			children = (
				442123FE231E42FC00DD138A /* Github.app */,
				44212412231E42FC00DD138A /* GithubTests.xctest */,
				4421241D231E42FC00DD138A /* GithubUITests.xctest */,
			);
			name = Products;
			sourceTree = "<group>";
		};
		44212400231E42FC00DD138A /* Github */ = {
			isa = PBXGroup;
			children = (
				44212401231E42FC00DD138A /* AppDelegate.swift */,
				44212403231E42FC00DD138A /* ViewController.swift */,
				44212405231E42FC00DD138A /* Main.storyboard */,
				44212408231E42FC00DD138A /* Assets.xcassets */,
				4421240A231E42FC00DD138A /* LaunchScreen.storyboard */,
				4421240D231E42FC00DD138A /* Info.plist */,
			);
			path = Github;
			sourceTree = "<group>";
		};
		44212415231E42FC00DD138A /* GithubTests */ = {
			isa = PBXGroup;
			children = (
				44212416231E42FC00DD138A /* GithubTests.swift */,
				44212418231E42FC00DD138A /* Info.plist */,
			);
			path = GithubTests;
			sourceTree = "<group>";
		};
		44212420231E42FC00DD138A /* GithubUITests */ = {
			isa = PBXGroup;
			children = (
				44212421231E42FC00DD138A /* GithubUITests.swift */,
				44212423231E42FC00DD138A /* Info.plist */,
			);
			path = GithubUITests;
			sourceTree = "<group>";
		};
/* End PBXGroup section */

/* Begin PBXNativeTarget section */
		442123FD231E42FC00DD138A /* Github */ = {
			isa = PBXNativeTarget;
			buildConfigurationList = 44212426231E42FC00DD138A /* Build configuration list for PBXNativeTarget "Github" */;
			buildPhases = (
				442123FA231E42FC00DD138A /* Sources */,
				442123FB231E42FC00DD138A /* Frameworks */,
				442123FC231E42FC00DD138A /* Resources */,
			);
			buildRules = (
			);
			dependencies = (
			);
			name = Github;
			productName = Github;
			productReference = 442123FE231E42FC00DD138A /* Github.app */;
			productType = "com.apple.product-type.application";
		};
		44212411231E42FC00DD138A /* GithubTests */ = {
			isa = PBXNativeTarget;
			buildConfigurationList = 44212429231E42FC00DD138A /* Build configuration list for PBXNativeTarget "GithubTests" */;
			buildPhases = (
				4421240E231E42FC00DD138A /* Sources */,
				4421240F231E42FC00DD138A /* Frameworks */,
				44212410231E42FC00DD138A /* Resources */,
			);
			buildRules = (
			);
			dependencies = (
				44212414231E42FC00DD138A /* PBXTargetDependency */,
			);
			name = GithubTests;
			productName = GithubTests;
			productReference = 44212412231E42FC00DD138A /* GithubTests.xctest */;
			productType = "com.apple.product-type.bundle.unit-test";
		};
		4421241C231E42FC00DD138A /* GithubUITests */ = {
			isa = PBXNativeTarget;
			buildConfigurationList = 4421242C231E42FC00DD138A /* Build configuration list for PBXNativeTarget "GithubUITests" */;
			buildPhases = (
				44212419231E42FC00DD138A /* Sources */,
				4421241A231E42FC00DD138A /* Frameworks */,
				4421241B231E42FC00DD138A /* Resources */,
			);
			buildRules = (
			);
			dependencies = (
				4421241F231E42FC00DD138A /* PBXTargetDependency */,
			);
			name = GithubUITests;
			productName = GithubUITests;
			productReference = 4421241D231E42FC00DD138A /* GithubUITests.xctest */;
			productType = "com.apple.product-type.bundle.ui-testing";
		};
/* End PBXNativeTarget section */

/* Begin PBXProject section */
		442123F6231E42FC00DD138A /* Project object */ = {
			isa = PBXProject;
			attributes = {
				LastSwiftUpdateCheck = 1010;
				LastUpgradeCheck = 1010;
				ORGANIZATIONNAME = "Biradar Dattathreya";
				TargetAttributes = {
					442123FD231E42FC00DD138A = {
						CreatedOnToolsVersion = 10.1;
					};
					44212411231E42FC00DD138A = {
						CreatedOnToolsVersion = 10.1;
						TestTargetID = 442123FD231E42FC00DD138A;
					};
					4421241C231E42FC00DD138A = {
						CreatedOnToolsVersion = 10.1;
						TestTargetID = 442123FD231E42FC00DD138A;
					};
				};
			};
			buildConfigurationList = 442123F9231E42FC00DD138A /* Build configuration list for PBXProject "Github" */;
			compatibilityVersion = "Xcode 9.3";
			developmentRegion = en;
			hasScannedForEncodings = 0;
			knownRegions = (
				en,
				Base,
			);
			mainGroup = 442123F5231E42FC00DD138A;
			productRefGroup = 442123FF231E42FC00DD138A /* Products */;
			projectDirPath = "";
			projectRoot = "";
			targets = (
				442123FD231E42FC00DD138A /* Github */,
				44212411231E42FC00DD138A /* GithubTests */,
				4421241C231E42FC00DD138A /* GithubUITests */,
			);
		};
/* End PBXProject section */

/* Begin PBXResourcesBuildPhase section */
		442123FC231E42FC00DD138A /* Resources */ = {
			isa = PBXResourcesBuildPhase;
			buildActionMask = 2147483647;
			files = (
				4421240C231E42FC00DD138A /* LaunchScreen.storyboard in Resources */,
				44212409231E42FC00DD138A /* Assets.xcassets in Resources */,
				44212407231E42FC00DD138A /* Main.storyboard in Resources */,
			);
			runOnlyForDeploymentPostprocessing = 0;
		};
		44212410231E42FC00DD138A /* Resources */ = {
			isa = PBXResourcesBuildPhase;
			buildActionMask = 2147483647;
			files = (
			);
			runOnlyForDeploymentPostprocessing = 0;
		};
		4421241B231E42FC00DD138A /* Resources */ = {
			isa = PBXResourcesBuildPhase;
			buildActionMask = 2147483647;
			files = (
			);
			runOnlyForDeploymentPostprocessing = 0;
		};
/* End PBXResourcesBuildPhase section */

/* Begin PBXSourcesBuildPhase section */
		442123FA231E42FC00DD138A /* Sources */ = {
			isa = PBXSourcesBuildPhase;
			buildActionMask = 2147483647;
			files = (
				44212404231E42FC00DD138A /* ViewController.swift in Sources */,
				44212402231E42FC00DD138A /* AppDelegate.swift in Sources */,
			);
			runOnlyForDeploymentPostprocessing = 0;
		};
		4421240E231E42FC00DD138A /* Sources */ = {
			isa = PBXSourcesBuildPhase;
			buildActionMask = 2147483647;
			files = (
				44212417231E42FC00DD138A /* GithubTests.swift in Sources */,
			);
			runOnlyForDeploymentPostprocessing = 0;
		};
		44212419231E42FC00DD138A /* Sources */ = {
			isa = PBXSourcesBuildPhase;
			buildActionMask = 2147483647;
			files = (
				44212422231E42FC00DD138A /* GithubUITests.swift in Sources */,
			);
			runOnlyForDeploymentPostprocessing = 0;
		};
/* End PBXSourcesBuildPhase section */

/* Begin PBXTargetDependency section */
		44212414231E42FC00DD138A /* PBXTargetDependency */ = {
			isa = PBXTargetDependency;
			target = 442123FD231E42FC00DD138A /* Github */;
			targetProxy = 44212413231E42FC00DD138A /* PBXContainerItemProxy */;
		};
		4421241F231E42FC00DD138A /* PBXTargetDependency */ = {
			isa = PBXTargetDependency;
			target = 442123FD231E42FC00DD138A /* Github */;
			targetProxy = 4421241E231E42FC00DD138A /* PBXContainerItemProxy */;
		};
/* End PBXTargetDependency section */

/* Begin PBXVariantGroup section */
		44212405231E42FC00DD138A /* Main.storyboard */ = {
			isa = PBXVariantGroup;
			children = (
				44212406231E42FC00DD138A /* Base */,
			);
			name = Main.storyboard;
			sourceTree = "<group>";
		};
		4421240A231E42FC00DD138A /* LaunchScreen.storyboard */ = {
			isa = PBXVariantGroup;
			children = (
				4421240B231E42FC00DD138A /* Base */,
			);
			name = LaunchScreen.storyboard;
			sourceTree = "<group>";
		};
/* End PBXVariantGroup section */

/* Begin XCBuildConfiguration section */
		44212424231E42FC00DD138A /* Debug */ = {
			isa = XCBuildConfiguration;
			buildSettings = {
				ALWAYS_SEARCH_USER_PATHS = NO;
				CLANG_ANALYZER_NONNULL = YES;
				CLANG_ANALYZER_NUMBER_OBJECT_CONVERSION = YES_AGGRESSIVE;
				CLANG_CXX_LANGUAGE_STANDARD = "gnu++14";
				CLANG_CXX_LIBRARY = "libc++";
				CLANG_ENABLE_MODULES = YES;
				CLANG_ENABLE_OBJC_ARC = YES;
				CLANG_ENABLE_OBJC_WEAK = YES;
				CLANG_WARN_BLOCK_CAPTURE_AUTORELEASING = YES;
				CLANG_WARN_BOOL_CONVERSION = YES;
				CLANG_WARN_COMMA = YES;
				CLANG_WARN_CONSTANT_CONVERSION = YES;
				CLANG_WARN_DEPRECATED_OBJC_IMPLEMENTATIONS = YES;
				CLANG_WARN_DIRECT_OBJC_ISA_USAGE = YES_ERROR;
				CLANG_WARN_DOCUMENTATION_COMMENTS = YES;
				CLANG_WARN_EMPTY_BODY = YES;
				CLANG_WARN_ENUM_CONVERSION = YES;
				CLANG_WARN_INFINITE_RECURSION = YES;
				CLANG_WARN_INT_CONVERSION = YES;
				CLANG_WARN_NON_LITERAL_NULL_CONVERSION = YES;
				CLANG_WARN_OBJC_IMPLICIT_RETAIN_SELF = YES;
				CLANG_WARN_OBJC_LITERAL_CONVERSION = YES;
				CLANG_WARN_OBJC_ROOT_CLASS = YES_ERROR;
				CLANG_WARN_RANGE_LOOP_ANALYSIS = YES;
				CLANG_WARN_STRICT_PROTOTYPES = YES;
				CLANG_WARN_SUSPICIOUS_MOVE = YES;
				CLANG_WARN_UNGUARDED_AVAILABILITY = YES_AGGRESSIVE;
				CLANG_WARN_UNREACHABLE_CODE = YES;
				CLANG_WARN__DUPLICATE_METHOD_MATCH = YES;
				CODE_SIGN_IDENTITY = "iPhone Developer";
				COPY_PHASE_STRIP = NO;
				DEBUG_INFORMATION_FORMAT = dwarf;
				ENABLE_STRICT_OBJC_MSGSEND = YES;
				ENABLE_TESTABILITY = YES;
				GCC_C_LANGUAGE_STANDARD = gnu11;
				GCC_DYNAMIC_NO_PIC = NO;
				GCC_NO_COMMON_BLOCKS = YES;
				GCC_OPTIMIZATION_LEVEL = 0;
				GCC_PREPROCESSOR_DEFINITIONS = (
					"DEBUG=1",
					"$(inherited)",
				);
				GCC_WARN_64_TO_32_BIT_CONVERSION = YES;
				GCC_WARN_ABOUT_RETURN_TYPE = YES_ERROR;
				GCC_WARN_UNDECLARED_SELECTOR = YES;
				GCC_WARN_UNINITIALIZED_AUTOS = YES_AGGRESSIVE;
				GCC_WARN_UNUSED_FUNCTION = YES;
				GCC_WARN_UNUSED_VARIABLE = YES;
				IPHONEOS_DEPLOYMENT_TARGET = 12.1;
				MTL_ENABLE_DEBUG_INFO = INCLUDE_SOURCE;
				MTL_FAST_MATH = YES;
				ONLY_ACTIVE_ARCH = YES;
				SDKROOT = iphoneos;
				SWIFT_ACTIVE_COMPILATION_CONDITIONS = DEBUG;
				SWIFT_OPTIMIZATION_LEVEL = "-Onone";
			};
			name = Debug;
		};
		44212425231E42FC00DD138A /* Release */ = {
			isa = XCBuildConfiguration;
			buildSettings = {
				ALWAYS_SEARCH_USER_PATHS = NO;
				CLANG_ANALYZER_NONNULL = YES;
				CLANG_ANALYZER_NUMBER_OBJECT_CONVERSION = YES_AGGRESSIVE;
				CLANG_CXX_LANGUAGE_STANDARD = "gnu++14";
				CLANG_CXX_LIBRARY = "libc++";
				CLANG_ENABLE_MODULES = YES;
				CLANG_ENABLE_OBJC_ARC = YES;
				CLANG_ENABLE_OBJC_WEAK = YES;
				CLANG_WARN_BLOCK_CAPTURE_AUTORELEASING = YES;
				CLANG_WARN_BOOL_CONVERSION = YES;
				CLANG_WARN_COMMA = YES;
				CLANG_WARN_CONSTANT_CONVERSION = YES;
				CLANG_WARN_DEPRECATED_OBJC_IMPLEMENTATIONS = YES;
				CLANG_WARN_DIRECT_OBJC_ISA_USAGE = YES_ERROR;
				CLANG_WARN_DOCUMENTATION_COMMENTS = YES;
				CLANG_WARN_EMPTY_BODY = YES;
				CLANG_WARN_ENUM_CONVERSION = YES;
				CLANG_WARN_INFINITE_RECURSION = YES;
				CLANG_WARN_INT_CONVERSION = YES;
				CLANG_WARN_NON_LITERAL_NULL_CONVERSION = YES;
				CLANG_WARN_OBJC_IMPLICIT_RETAIN_SELF = YES;
				CLANG_WARN_OBJC_LITERAL_CONVERSION = YES;
				CLANG_WARN_OBJC_ROOT_CLASS = YES_ERROR;
				CLANG_WARN_RANGE_LOOP_ANALYSIS = YES;
				CLANG_WARN_STRICT_PROTOTYPES = YES;
				CLANG_WARN_SUSPICIOUS_MOVE = YES;
				CLANG_WARN_UNGUARDED_AVAILABILITY = YES_AGGRESSIVE;
				CLANG_WARN_UNREACHABLE_CODE = YES;
				CLANG_WARN__DUPLICATE_METHOD_MATCH = YES;
				CODE_SIGN_IDENTITY = "iPhone Developer";
				COPY_PHASE_STRIP = NO;
				DEBUG_INFORMATION_FORMAT = "dwarf-with-dsym";
				ENABLE_NS_ASSERTIONS = NO;
				ENABLE_STRICT_OBJC_MSGSEND = YES;
				GCC_C_LANGUAGE_STANDARD = gnu11;
				GCC_NO_COMMON_BLOCKS = YES;
				GCC_WARN_64_TO_32_BIT_CONVERSION = YES;
				GCC_WARN_ABOUT_RETURN_TYPE = YES_ERROR;
				GCC_WARN_UNDECLARED_SELECTOR = YES;
				GCC_WARN_UNINITIALIZED_AUTOS = YES_AGGRESSIVE;
				GCC_WARN_UNUSED_FUNCTION = YES;
				GCC_WARN_UNUSED_VARIABLE = YES;
				IPHONEOS_DEPLOYMENT_TARGET = 12.1;
				MTL_ENABLE_DEBUG_INFO = NO;
				MTL_FAST_MATH = YES;
				SDKROOT = iphoneos;
				SWIFT_COMPILATION_MODE = wholemodule;
				SWIFT_OPTIMIZATION_LEVEL = "-O";
				VALIDATE_PRODUCT = YES;
			};
			name = Release;
		};
		44212427231E42FC00DD138A /* Debug */ = {
			isa = XCBuildConfiguration;
			buildSettings = {
				ASSETCATALOG_COMPILER_APPICON_NAME = AppIcon;
				CODE_SIGN_STYLE = Automatic;
				INFOPLIST_FILE = Github/Info.plist;
				LD_RUNPATH_SEARCH_PATHS = (
					"$(inherited)",
					"@executable_path/Frameworks",
				);
				PRODUCT_BUNDLE_IDENTIFIER = "-906-53.Github";
				PRODUCT_NAME = "$(TARGET_NAME)";
				SWIFT_VERSION = 4.2;
				TARGETED_DEVICE_FAMILY = "1,2";
			};
			name = Debug;
		};
		44212428231E42FC00DD138A /* Release */ = {
			isa = XCBuildConfiguration;
			buildSettings = {
				ASSETCATALOG_COMPILER_APPICON_NAME = AppIcon;
				CODE_SIGN_STYLE = Automatic;
				INFOPLIST_FILE = Github/Info.plist;
				LD_RUNPATH_SEARCH_PATHS = (
					"$(inherited)",
					"@executable_path/Frameworks",
				);
				PRODUCT_BUNDLE_IDENTIFIER = "-906-53.Github";
				PRODUCT_NAME = "$(TARGET_NAME)";
				SWIFT_VERSION = 4.2;
				TARGETED_DEVICE_FAMILY = "1,2";
			};
			name = Release;
		};
		4421242A231E42FC00DD138A /* Debug */ = {
			isa = XCBuildConfiguration;
			buildSettings = {
				ALWAYS_EMBED_SWIFT_STANDARD_LIBRARIES = YES;
				BUNDLE_LOADER = "$(TEST_HOST)";
				CODE_SIGN_STYLE = Automatic;
				INFOPLIST_FILE = GithubTests/Info.plist;
				LD_RUNPATH_SEARCH_PATHS = (
					"$(inherited)",
					"@executable_path/Frameworks",
					"@loader_path/Frameworks",
				);
				PRODUCT_BUNDLE_IDENTIFIER = "-906-53.GithubTests";
				PRODUCT_NAME = "$(TARGET_NAME)";
				SWIFT_VERSION = 4.2;
				TARGETED_DEVICE_FAMILY = "1,2";
				TEST_HOST = "$(BUILT_PRODUCTS_DIR)/Github.app/Github";
			};
			name = Debug;
		};
		4421242B231E42FC00DD138A /* Release */ = {
			isa = XCBuildConfiguration;
			buildSettings = {
				ALWAYS_EMBED_SWIFT_STANDARD_LIBRARIES = YES;
				BUNDLE_LOADER = "$(TEST_HOST)";
				CODE_SIGN_STYLE = Automatic;
				INFOPLIST_FILE = GithubTests/Info.plist;
				LD_RUNPATH_SEARCH_PATHS = (
					"$(inherited)",
					"@executable_path/Frameworks",
					"@loader_path/Frameworks",
				);
				PRODUCT_BUNDLE_IDENTIFIER = "-906-53.GithubTests";
				PRODUCT_NAME = "$(TARGET_NAME)";
				SWIFT_VERSION = 4.2;
				TARGETED_DEVICE_FAMILY = "1,2";
				TEST_HOST = "$(BUILT_PRODUCTS_DIR)/Github.app/Github";
			};
			name = Release;
		};
		4421242D231E42FC00DD138A /* Debug */ = {
			isa = XCBuildConfiguration;
			buildSettings = {
				ALWAYS_EMBED_SWIFT_STANDARD_LIBRARIES = YES;
				CODE_SIGN_STYLE = Automatic;
				INFOPLIST_FILE = GithubUITests/Info.plist;
				LD_RUNPATH_SEARCH_PATHS = (
					"$(inherited)",
					"@executable_path/Frameworks",
					"@loader_path/Frameworks",
				);
				PRODUCT_BUNDLE_IDENTIFIER = "-906-53.GithubUITests";
				PRODUCT_NAME = "$(TARGET_NAME)";
				SWIFT_VERSION = 4.2;
				TARGETED_DEVICE_FAMILY = "1,2";
				TEST_TARGET_NAME = Github;
			};
			name = Debug;
		};
		4421242E231E42FC00DD138A /* Release */ = {
			isa = XCBuildConfiguration;
			buildSettings = {
				ALWAYS_EMBED_SWIFT_STANDARD_LIBRARIES = YES;
				CODE_SIGN_STYLE = Automatic;
				INFOPLIST_FILE = GithubUITests/Info.plist;
				LD_RUNPATH_SEARCH_PATHS = (
					"$(inherited)",
					"@executable_path/Frameworks",
					"@loader_path/Frameworks",
				);
				PRODUCT_BUNDLE_IDENTIFIER = "-906-53.GithubUITests";
				PRODUCT_NAME = "$(TARGET_NAME)";
				SWIFT_VERSION = 4.2;
				TARGETED_DEVICE_FAMILY = "1,2";
				TEST_TARGET_NAME = Github;
			};
			name = Release;
		};
/* End XCBuildConfiguration section */

/* Begin XCConfigurationList section */
		442123F9231E42FC00DD138A /* Build configuration list for PBXProject "Github" */ = {
			isa = XCConfigurationList;
			buildConfigurations = (
				44212424231E42FC00DD138A /* Debug */,
				44212425231E42FC00DD138A /* Release */,
			);
			defaultConfigurationIsVisible = 0;
			defaultConfigurationName = Release;
		};
		44212426231E42FC00DD138A /* Build configuration list for PBXNativeTarget "Github" */ = {
			isa = XCConfigurationList;
			buildConfigurations = (
				44212427231E42FC00DD138A /* Debug */,
				44212428231E42FC00DD138A /* Release */,
			);
			defaultConfigurationIsVisible = 0;
			defaultConfigurationName = Release;
		};
		44212429231E42FC00DD138A /* Build configuration list for PBXNativeTarget "GithubTests" */ = {
			isa = XCConfigurationList;
			buildConfigurations = (
				4421242A231E42FC00DD138A /* Debug */,
				4421242B231E42FC00DD138A /* Release */,
			);
			defaultConfigurationIsVisible = 0;
			defaultConfigurationName = Release;
		};
		4421242C231E42FC00DD138A /* Build configuration list for PBXNativeTarget "GithubUITests" */ = {
			isa = XCConfigurationList;
			buildConfigurations = (
				4421242D231E42FC00DD138A /* Debug */,
				4421242E231E42FC00DD138A /* Release */,
			);
			defaultConfigurationIsVisible = 0;
			defaultConfigurationName = Release;
		};
/* End XCConfigurationList section */
	};
	rootObject = 442123F6231E42FC00DD138A /* Project object */;
}
